{
  "version": 4,
  "terraform_version": "1.5.4",
  "serial": 5,
  "lineage": "071d6547-8a90-08a9-61d1-236da35ff00c",
  "outputs": {},
  "resources": [
    {
      "mode": "managed",
      "type": "github_repository",
      "name": "patricerepository",
      "provider": "provider[\"registry.terraform.io/integrations/github\"]",
      "instances": [
        {
          "schema_version": 1,
          "attributes": {
            "allow_auto_merge": false,
            "allow_merge_commit": false,
            "allow_rebase_merge": false,
            "allow_squash_merge": false,
            "allow_update_branch": false,
            "archive_on_destroy": null,
            "archived": false,
            "auto_init": null,
            "default_branch": "main",
            "delete_branch_on_merge": false,
            "description": "My CODE",
            "etag": "W/\"a00d64c4b67abdd195efeaa3e5374801d26fe95a401f62f42105582ee465525a\"",
            "full_name": "PatriceNEUSSIofficiel/TP-automation-ansible-terraform-kubernetes-sripting",
            "git_clone_url": "git://github.com/PatriceNEUSSIofficiel/TP-automation-ansible-terraform-kubernetes-sripting.git",
            "gitignore_template": null,
            "has_discussions": false,
            "has_downloads": false,
            "has_issues": false,
            "has_projects": false,
            "has_wiki": false,
            "homepage_url": "",
            "html_url": "https://github.com/PatriceNEUSSIofficiel/TP-automation-ansible-terraform-kubernetes-sripting",
            "http_clone_url": "https://github.com/PatriceNEUSSIofficiel/TP-automation-ansible-terraform-kubernetes-sripting.git",
            "id": "TP-automation-ansible-terraform-kubernetes-sripting",
            "ignore_vulnerability_alerts_during_read": null,
            "is_template": false,
            "license_template": null,
            "merge_commit_message": "",
            "merge_commit_title": "",
            "name": "TP-automation-ansible-terraform-kubernetes-sripting",
            "node_id": "R_kgDOKADL4A",
            "pages": [],
            "private": false,
            "repo_id": 671140832,
            "security_and_analysis": [
              {
                "advanced_security": [],
                "secret_scanning": [
                  {
                    "status": "disabled"
                  }
                ],
                "secret_scanning_push_protection": [
                  {
                    "status": "disabled"
                  }
                ]
              }
            ],
            "squash_merge_commit_message": "",
            "squash_merge_commit_title": "",
            "ssh_clone_url": "git@github.com:PatriceNEUSSIofficiel/TP-automation-ansible-terraform-kubernetes-sripting.git",
            "svn_url": "https://github.com/PatriceNEUSSIofficiel/TP-automation-ansible-terraform-kubernetes-sripting",
            "template": [],
            "topics": null,
            "visibility": "public",
            "vulnerability_alerts": false
          },
          "sensitive_attributes": [],
          "private": "eyJzY2hlbWFfdmVyc2lvbiI6IjEifQ=="
        }
      ]
    }
  ],
  "check_results": null
}
